// !$*UTF8*$!
{
	archiveVersion = 1;
	classes = {
	};
	objectVersion = 50;
	objects = {

/* Begin PBXBuildFile section */
		4A1B69DA23B5E26300119D4F /* WebViewController.m in Sources */ = {isa = PBXBuildFile; fileRef = 4A1B69D923B5E26300119D4F /* WebViewController.m */; };
		4A20660623B57DE800C78984 /* Default-568h@2x.png in Resources */ = {isa = PBXBuildFile; fileRef = 4A20660523B57DE700C78984 /* Default-568h@2x.png */; };
		4A20660F23B5804000C78984 /* MapViewController.m in Sources */ = {isa = PBXBuildFile; fileRef = 4A20660E23B5804000C78984 /* MapViewController.m */; };
		4A9C80EB23AF3720004E0A8B /* AppDelegate.m in Sources */ = {isa = PBXBuildFile; fileRef = 4A9C80EA23AF3720004E0A8B /* AppDelegate.m */; };
		4A9C80EE23AF3720004E0A8B /* SceneDelegate.m in Sources */ = {isa = PBXBuildFile; fileRef = 4A9C80ED23AF3720004E0A8B /* SceneDelegate.m */; };
		4A9C80F123AF3720004E0A8B /* BlogViewController.m in Sources */ = {isa = PBXBuildFile; fileRef = 4A9C80F023AF3720004E0A8B /* BlogViewController.m */; };
		4A9C80F723AF3720004E0A8B /* Main.storyboard in Resources */ = {isa = PBXBuildFile; fileRef = 4A9C80F523AF3720004E0A8B /* Main.storyboard */; };
		4A9C80F923AF3722004E0A8B /* Assets.xcassets in Resources */ = {isa = PBXBuildFile; fileRef = 4A9C80F823AF3722004E0A8B /* Assets.xcassets */; };
		4A9C80FC23AF3722004E0A8B /* LaunchScreen.storyboard in Resources */ = {isa = PBXBuildFile; fileRef = 4A9C80FA23AF3722004E0A8B /* LaunchScreen.storyboard */; };
		4A9C80FF23AF3722004E0A8B /* main.m in Sources */ = {isa = PBXBuildFile; fileRef = 4A9C80FE23AF3722004E0A8B /* main.m */; };
		4A9C810923AF3723004E0A8B /* BeenVerifiedTestTests.m in Sources */ = {isa = PBXBuildFile; fileRef = 4A9C810823AF3723004E0A8B /* BeenVerifiedTestTests.m */; };
		4A9C811423AF3723004E0A8B /* BeenVerifiedTestUITests.m in Sources */ = {isa = PBXBuildFile; fileRef = 4A9C811323AF3723004E0A8B /* BeenVerifiedTestUITests.m */; };
		4A9C812423AF38AB004E0A8B /* ArticlesView.xib in Resources */ = {isa = PBXBuildFile; fileRef = 4A9C812323AF38AB004E0A8B /* ArticlesView.xib */; };
		4A9C812723AF393C004E0A8B /* ArticlesController.m in Sources */ = {isa = PBXBuildFile; fileRef = 4A9C812623AF393C004E0A8B /* ArticlesController.m */; };
		4AEF6ADE23B48D1300794493 /* GoogleMaps.framework in Frameworks */ = {isa = PBXBuildFile; fileRef = 4AEF6ADD23B48D1300794493 /* GoogleMaps.framework */; };
		4AEF6AE023B48D2200794493 /* GoogleMaps.bundle in Resources */ = {isa = PBXBuildFile; fileRef = 4AEF6ADF23B48D2200794493 /* GoogleMaps.bundle */; };
		4AEF6AE223B48D8100794493 /* AVFoundation.framework in Frameworks */ = {isa = PBXBuildFile; fileRef = 4AEF6AE123B48D8100794493 /* AVFoundation.framework */; };
		4AEF6AE423B48D9300794493 /* CoreData.framework in Frameworks */ = {isa = PBXBuildFile; fileRef = 4AEF6AE323B48D9300794493 /* CoreData.framework */; };
		4AEF6AE623B48DA000794493 /* CoreLocation.framework in Frameworks */ = {isa = PBXBuildFile; fileRef = 4AEF6AE523B48DA000794493 /* CoreLocation.framework */; };
		4AEF6AE823B48DAB00794493 /* CoreText.framework in Frameworks */ = {isa = PBXBuildFile; fileRef = 4AEF6AE723B48DAB00794493 /* CoreText.framework */; };
		4AEF6AEA23B48DB800794493 /* GLKit.framework in Frameworks */ = {isa = PBXBuildFile; fileRef = 4AEF6AE923B48DB800794493 /* GLKit.framework */; };
		4AEF6AEC23B48DCE00794493 /* ImageIO.framework in Frameworks */ = {isa = PBXBuildFile; fileRef = 4AEF6AEB23B48DCE00794493 /* ImageIO.framework */; };
		4AEF6AEE23B48E1500794493 /* libc++.tbd in Frameworks */ = {isa = PBXBuildFile; fileRef = 4AEF6AED23B48E1400794493 /* libc++.tbd */; };
		4AEF6AF023B48E3900794493 /* libicucore.tbd in Frameworks */ = {isa = PBXBuildFile; fileRef = 4AEF6AEF23B48E3900794493 /* libicucore.tbd */; };
		4AEF6AF223B48E4600794493 /* libz.tbd in Frameworks */ = {isa = PBXBuildFile; fileRef = 4AEF6AF123B48E4600794493 /* libz.tbd */; };
		4AEF6AF423B48E5100794493 /* OpenGLES.framework in Frameworks */ = {isa = PBXBuildFile; fileRef = 4AEF6AF323B48E5100794493 /* OpenGLES.framework */; };
		4AEF6AF623B48E6100794493 /* QuartzCore.framework in Frameworks */ = {isa = PBXBuildFile; fileRef = 4AEF6AF523B48E6100794493 /* QuartzCore.framework */; };
		4AEF6AF823B48E6B00794493 /* SystemConfiguration.framework in Frameworks */ = {isa = PBXBuildFile; fileRef = 4AEF6AF723B48E6B00794493 /* SystemConfiguration.framework */; };
		4AEF6AFA23B490E600794493 /* GoogleMapsCore.framework in Frameworks */ = {isa = PBXBuildFile; fileRef = 4AEF6AF923B490E600794493 /* GoogleMapsCore.framework */; };
		4AEF6AFC23B490F800794493 /* GoogleMapsBase.framework in Frameworks */ = {isa = PBXBuildFile; fileRef = 4AEF6AFB23B490F800794493 /* GoogleMapsBase.framework */; };
/* End PBXBuildFile section */

/* Begin PBXContainerItemProxy section */
		4A9C810523AF3723004E0A8B /* PBXContainerItemProxy */ = {
			isa = PBXContainerItemProxy;
			containerPortal = 4A9C80DE23AF3720004E0A8B /* Project object */;
			proxyType = 1;
			remoteGlobalIDString = 4A9C80E523AF3720004E0A8B;
			remoteInfo = BeenVerifiedTest;
		};
		4A9C811023AF3723004E0A8B /* PBXContainerItemProxy */ = {
			isa = PBXContainerItemProxy;
			containerPortal = 4A9C80DE23AF3720004E0A8B /* Project object */;
			proxyType = 1;
			remoteGlobalIDString = 4A9C80E523AF3720004E0A8B;
			remoteInfo = BeenVerifiedTest;
		};
/* End PBXContainerItemProxy section */

/* Begin PBXFileReference section */
		4A1B69D823B5E26300119D4F /* WebViewController.h */ = {isa = PBXFileReference; lastKnownFileType = sourcecode.c.h; path = WebViewController.h; sourceTree = "<group>"; };
		4A1B69D923B5E26300119D4F /* WebViewController.m */ = {isa = PBXFileReference; lastKnownFileType = sourcecode.c.objc; path = WebViewController.m; sourceTree = "<group>"; };
		4A20660523B57DE700C78984 /* Default-568h@2x.png */ = {isa = PBXFileReference; lastKnownFileType = image.png; path = "Default-568h@2x.png"; sourceTree = "<group>"; };
		4A20660D23B5804000C78984 /* MapViewController.h */ = {isa = PBXFileReference; lastKnownFileType = sourcecode.c.h; path = MapViewController.h; sourceTree = "<group>"; };
		4A20660E23B5804000C78984 /* MapViewController.m */ = {isa = PBXFileReference; lastKnownFileType = sourcecode.c.objc; path = MapViewController.m; sourceTree = "<group>"; };
		4A9C80E623AF3720004E0A8B /* BeenVerifiedTest.app */ = {isa = PBXFileReference; explicitFileType = wrapper.application; includeInIndex = 0; path = BeenVerifiedTest.app; sourceTree = BUILT_PRODUCTS_DIR; };
		4A9C80E923AF3720004E0A8B /* AppDelegate.h */ = {isa = PBXFileReference; lastKnownFileType = sourcecode.c.h; path = AppDelegate.h; sourceTree = "<group>"; };
		4A9C80EA23AF3720004E0A8B /* AppDelegate.m */ = {isa = PBXFileReference; lastKnownFileType = sourcecode.c.objc; path = AppDelegate.m; sourceTree = "<group>"; };
		4A9C80EC23AF3720004E0A8B /* SceneDelegate.h */ = {isa = PBXFileReference; lastKnownFileType = sourcecode.c.h; path = SceneDelegate.h; sourceTree = "<group>"; };
		4A9C80ED23AF3720004E0A8B /* SceneDelegate.m */ = {isa = PBXFileReference; lastKnownFileType = sourcecode.c.objc; path = SceneDelegate.m; sourceTree = "<group>"; };
		4A9C80EF23AF3720004E0A8B /* BlogViewController.h */ = {isa = PBXFileReference; lastKnownFileType = sourcecode.c.h; path = BlogViewController.h; sourceTree = "<group>"; };
		4A9C80F023AF3720004E0A8B /* BlogViewController.m */ = {isa = PBXFileReference; lastKnownFileType = sourcecode.c.objc; path = BlogViewController.m; sourceTree = "<group>"; };
		4A9C80F623AF3720004E0A8B /* Base */ = {isa = PBXFileReference; lastKnownFileType = file.storyboard; name = Base; path = Base.lproj/Main.storyboard; sourceTree = "<group>"; };
		4A9C80F823AF3722004E0A8B /* Assets.xcassets */ = {isa = PBXFileReference; lastKnownFileType = folder.assetcatalog; path = Assets.xcassets; sourceTree = "<group>"; };
		4A9C80FB23AF3722004E0A8B /* Base */ = {isa = PBXFileReference; lastKnownFileType = file.storyboard; name = Base; path = Base.lproj/LaunchScreen.storyboard; sourceTree = "<group>"; };
		4A9C80FD23AF3722004E0A8B /* Info.plist */ = {isa = PBXFileReference; lastKnownFileType = text.plist.xml; path = Info.plist; sourceTree = "<group>"; };
		4A9C80FE23AF3722004E0A8B /* main.m */ = {isa = PBXFileReference; lastKnownFileType = sourcecode.c.objc; path = main.m; sourceTree = "<group>"; };
		4A9C810423AF3723004E0A8B /* BeenVerifiedTestTests.xctest */ = {isa = PBXFileReference; explicitFileType = wrapper.cfbundle; includeInIndex = 0; path = BeenVerifiedTestTests.xctest; sourceTree = BUILT_PRODUCTS_DIR; };
		4A9C810823AF3723004E0A8B /* BeenVerifiedTestTests.m */ = {isa = PBXFileReference; lastKnownFileType = sourcecode.c.objc; path = BeenVerifiedTestTests.m; sourceTree = "<group>"; };
		4A9C810A23AF3723004E0A8B /* Info.plist */ = {isa = PBXFileReference; lastKnownFileType = text.plist.xml; path = Info.plist; sourceTree = "<group>"; };
		4A9C810F23AF3723004E0A8B /* BeenVerifiedTestUITests.xctest */ = {isa = PBXFileReference; explicitFileType = wrapper.cfbundle; includeInIndex = 0; path = BeenVerifiedTestUITests.xctest; sourceTree = BUILT_PRODUCTS_DIR; };
		4A9C811323AF3723004E0A8B /* BeenVerifiedTestUITests.m */ = {isa = PBXFileReference; lastKnownFileType = sourcecode.c.objc; path = BeenVerifiedTestUITests.m; sourceTree = "<group>"; };
		4A9C811523AF3723004E0A8B /* Info.plist */ = {isa = PBXFileReference; lastKnownFileType = text.plist.xml; path = Info.plist; sourceTree = "<group>"; };
		4A9C812323AF38AB004E0A8B /* ArticlesView.xib */ = {isa = PBXFileReference; lastKnownFileType = file.xib; path = ArticlesView.xib; sourceTree = "<group>"; };
		4A9C812523AF393C004E0A8B /* ArticlesController.h */ = {isa = PBXFileReference; lastKnownFileType = sourcecode.c.h; path = ArticlesController.h; sourceTree = "<group>"; };
		4A9C812623AF393C004E0A8B /* ArticlesController.m */ = {isa = PBXFileReference; lastKnownFileType = sourcecode.c.objc; path = ArticlesController.m; sourceTree = "<group>"; };
		4AEF6ADD23B48D1300794493 /* GoogleMaps.framework */ = {isa = PBXFileReference; lastKnownFileType = wrapper.framework; path = GoogleMaps.framework; sourceTree = "<group>"; };
		4AEF6ADF23B48D2200794493 /* GoogleMaps.bundle */ = {isa = PBXFileReference; lastKnownFileType = "wrapper.plug-in"; name = GoogleMaps.bundle; path = GoogleMaps.framework/Resources/GoogleMaps.bundle; sourceTree = "<group>"; };
		4AEF6AE123B48D8100794493 /* AVFoundation.framework */ = {isa = PBXFileReference; lastKnownFileType = wrapper.framework; name = AVFoundation.framework; path = System/Library/Frameworks/AVFoundation.framework; sourceTree = SDKROOT; };
		4AEF6AE323B48D9300794493 /* CoreData.framework */ = {isa = PBXFileReference; lastKnownFileType = wrapper.framework; name = CoreData.framework; path = System/Library/Frameworks/CoreData.framework; sourceTree = SDKROOT; };
		4AEF6AE523B48DA000794493 /* CoreLocation.framework */ = {isa = PBXFileReference; lastKnownFileType = wrapper.framework; name = CoreLocation.framework; path = System/Library/Frameworks/CoreLocation.framework; sourceTree = SDKROOT; };
		4AEF6AE723B48DAB00794493 /* CoreText.framework */ = {isa = PBXFileReference; lastKnownFileType = wrapper.framework; name = CoreText.framework; path = System/Library/Frameworks/CoreText.framework; sourceTree = SDKROOT; };
		4AEF6AE923B48DB800794493 /* GLKit.framework */ = {isa = PBXFileReference; lastKnownFileType = wrapper.framework; name = GLKit.framework; path = System/Library/Frameworks/GLKit.framework; sourceTree = SDKROOT; };
		4AEF6AEB23B48DCE00794493 /* ImageIO.framework */ = {isa = PBXFileReference; lastKnownFileType = wrapper.framework; name = ImageIO.framework; path = System/Library/Frameworks/ImageIO.framework; sourceTree = SDKROOT; };
		4AEF6AED23B48E1400794493 /* libc++.tbd */ = {isa = PBXFileReference; lastKnownFileType = "sourcecode.text-based-dylib-definition"; name = "libc++.tbd"; path = "usr/lib/libc++.tbd"; sourceTree = SDKROOT; };
		4AEF6AEF23B48E3900794493 /* libicucore.tbd */ = {isa = PBXFileReference; lastKnownFileType = "sourcecode.text-based-dylib-definition"; name = libicucore.tbd; path = usr/lib/libicucore.tbd; sourceTree = SDKROOT; };
		4AEF6AF123B48E4600794493 /* libz.tbd */ = {isa = PBXFileReference; lastKnownFileType = "sourcecode.text-based-dylib-definition"; name = libz.tbd; path = usr/lib/libz.tbd; sourceTree = SDKROOT; };
		4AEF6AF323B48E5100794493 /* OpenGLES.framework */ = {isa = PBXFileReference; lastKnownFileType = wrapper.framework; name = OpenGLES.framework; path = System/Library/Frameworks/OpenGLES.framework; sourceTree = SDKROOT; };
		4AEF6AF523B48E6100794493 /* QuartzCore.framework */ = {isa = PBXFileReference; lastKnownFileType = wrapper.framework; name = QuartzCore.framework; path = System/Library/Frameworks/QuartzCore.framework; sourceTree = SDKROOT; };
		4AEF6AF723B48E6B00794493 /* SystemConfiguration.framework */ = {isa = PBXFileReference; lastKnownFileType = wrapper.framework; name = SystemConfiguration.framework; path = System/Library/Frameworks/SystemConfiguration.framework; sourceTree = SDKROOT; };
		4AEF6AF923B490E600794493 /* GoogleMapsCore.framework */ = {isa = PBXFileReference; lastKnownFileType = wrapper.framework; path = GoogleMapsCore.framework; sourceTree = "<group>"; };
		4AEF6AFB23B490F800794493 /* GoogleMapsBase.framework */ = {isa = PBXFileReference; lastKnownFileType = wrapper.framework; path = GoogleMapsBase.framework; sourceTree = "<group>"; };
/* End PBXFileReference section */

/* Begin PBXFrameworksBuildPhase section */
		4A9C80E323AF3720004E0A8B /* Frameworks */ = {
			isa = PBXFrameworksBuildPhase;
			buildActionMask = 2147483647;
			files = (
				4AEF6AFC23B490F800794493 /* GoogleMapsBase.framework in Frameworks */,
				4AEF6AF823B48E6B00794493 /* SystemConfiguration.framework in Frameworks */,
				4AEF6AF623B48E6100794493 /* QuartzCore.framework in Frameworks */,
				4AEF6AF423B48E5100794493 /* OpenGLES.framework in Frameworks */,
				4AEF6AFA23B490E600794493 /* GoogleMapsCore.framework in Frameworks */,
				4AEF6AF223B48E4600794493 /* libz.tbd in Frameworks */,
				4AEF6AF023B48E3900794493 /* libicucore.tbd in Frameworks */,
				4AEF6AEE23B48E1500794493 /* libc++.tbd in Frameworks */,
				4AEF6AEC23B48DCE00794493 /* ImageIO.framework in Frameworks */,
				4AEF6AEA23B48DB800794493 /* GLKit.framework in Frameworks */,
				4AEF6AE823B48DAB00794493 /* CoreText.framework in Frameworks */,
				4AEF6AE623B48DA000794493 /* CoreLocation.framework in Frameworks */,
				4AEF6AE423B48D9300794493 /* CoreData.framework in Frameworks */,
				4AEF6AE223B48D8100794493 /* AVFoundation.framework in Frameworks */,
				4AEF6ADE23B48D1300794493 /* GoogleMaps.framework in Frameworks */,
			);
			runOnlyForDeploymentPostprocessing = 0;
		};
		4A9C810123AF3723004E0A8B /* Frameworks */ = {
			isa = PBXFrameworksBuildPhase;
			buildActionMask = 2147483647;
			files = (
			);
			runOnlyForDeploymentPostprocessing = 0;
		};
		4A9C810C23AF3723004E0A8B /* Frameworks */ = {
			isa = PBXFrameworksBuildPhase;
			buildActionMask = 2147483647;
			files = (
			);
			runOnlyForDeploymentPostprocessing = 0;
		};
/* End PBXFrameworksBuildPhase section */

/* Begin PBXGroup section */
		4A9C80DD23AF3720004E0A8B = {
			isa = PBXGroup;
			children = (
				4A20660523B57DE700C78984 /* Default-568h@2x.png */,
				4AEF6ADA23B48C0400794493 /* Frameworks */,
				4A9C80E823AF3720004E0A8B /* BeenVerifiedTest */,
				4A9C810723AF3723004E0A8B /* BeenVerifiedTestTests */,
				4A9C811223AF3723004E0A8B /* BeenVerifiedTestUITests */,
				4A9C80E723AF3720004E0A8B /* Products */,
			);
			sourceTree = "<group>";
		};
		4A9C80E723AF3720004E0A8B /* Products */ = {
			isa = PBXGroup;
			children = (
				4A9C80E623AF3720004E0A8B /* BeenVerifiedTest.app */,
				4A9C810423AF3723004E0A8B /* BeenVerifiedTestTests.xctest */,
				4A9C810F23AF3723004E0A8B /* BeenVerifiedTestUITests.xctest */,
			);
			name = Products;
			sourceTree = "<group>";
		};
		4A9C80E823AF3720004E0A8B /* BeenVerifiedTest */ = {
			isa = PBXGroup;
			children = (
				4A9C812223AF3893004E0A8B /* Controllers */,
				4A9C812123AF3886004E0A8B /* Views */,
				4A9C80E923AF3720004E0A8B /* AppDelegate.h */,
				4A9C80EA23AF3720004E0A8B /* AppDelegate.m */,
				4A9C80EC23AF3720004E0A8B /* SceneDelegate.h */,
				4A9C80ED23AF3720004E0A8B /* SceneDelegate.m */,
				4A9C80F523AF3720004E0A8B /* Main.storyboard */,
				4A9C80F823AF3722004E0A8B /* Assets.xcassets */,
				4A9C80FA23AF3722004E0A8B /* LaunchScreen.storyboard */,
				4A9C80FD23AF3722004E0A8B /* Info.plist */,
				4A9C80FE23AF3722004E0A8B /* main.m */,
			);
			path = BeenVerifiedTest;
			sourceTree = "<group>";
		};
		4A9C810723AF3723004E0A8B /* BeenVerifiedTestTests */ = {
			isa = PBXGroup;
			children = (
				4A9C810823AF3723004E0A8B /* BeenVerifiedTestTests.m */,
				4A9C810A23AF3723004E0A8B /* Info.plist */,
			);
			path = BeenVerifiedTestTests;
			sourceTree = "<group>";
		};
		4A9C811223AF3723004E0A8B /* BeenVerifiedTestUITests */ = {
			isa = PBXGroup;
			children = (
				4A9C811323AF3723004E0A8B /* BeenVerifiedTestUITests.m */,
				4A9C811523AF3723004E0A8B /* Info.plist */,
			);
			path = BeenVerifiedTestUITests;
			sourceTree = "<group>";
		};
		4A9C812123AF3886004E0A8B /* Views */ = {
			isa = PBXGroup;
			children = (
				4A9C812323AF38AB004E0A8B /* ArticlesView.xib */,
			);
			path = Views;
			sourceTree = "<group>";
		};
		4A9C812223AF3893004E0A8B /* Controllers */ = {
			isa = PBXGroup;
			children = (
				4A9C80EF23AF3720004E0A8B /* BlogViewController.h */,
				4A9C80F023AF3720004E0A8B /* BlogViewController.m */,
				4A20660D23B5804000C78984 /* MapViewController.h */,
				4A20660E23B5804000C78984 /* MapViewController.m */,
				4A9C812523AF393C004E0A8B /* ArticlesController.h */,
				4A9C812623AF393C004E0A8B /* ArticlesController.m */,
				4A1B69D823B5E26300119D4F /* WebViewController.h */,
				4A1B69D923B5E26300119D4F /* WebViewController.m */,
			);
			path = Controllers;
			sourceTree = "<group>";
		};
		4AEF6ADA23B48C0400794493 /* Frameworks */ = {
			isa = PBXGroup;
			children = (
				4AEF6AFB23B490F800794493 /* GoogleMapsBase.framework */,
				4AEF6AF923B490E600794493 /* GoogleMapsCore.framework */,
				4AEF6AF723B48E6B00794493 /* SystemConfiguration.framework */,
				4AEF6AF523B48E6100794493 /* QuartzCore.framework */,
				4AEF6AF323B48E5100794493 /* OpenGLES.framework */,
				4AEF6AF123B48E4600794493 /* libz.tbd */,
				4AEF6AEF23B48E3900794493 /* libicucore.tbd */,
				4AEF6AED23B48E1400794493 /* libc++.tbd */,
				4AEF6AEB23B48DCE00794493 /* ImageIO.framework */,
				4AEF6AE923B48DB800794493 /* GLKit.framework */,
				4AEF6AE723B48DAB00794493 /* CoreText.framework */,
				4AEF6AE523B48DA000794493 /* CoreLocation.framework */,
				4AEF6AE323B48D9300794493 /* CoreData.framework */,
				4AEF6AE123B48D8100794493 /* AVFoundation.framework */,
				4AEF6ADF23B48D2200794493 /* GoogleMaps.bundle */,
				4AEF6ADD23B48D1300794493 /* GoogleMaps.framework */,
			);
			path = Frameworks;
			sourceTree = "<group>";
		};
/* End PBXGroup section */

/* Begin PBXNativeTarget section */
		4A9C80E523AF3720004E0A8B /* BeenVerifiedTest */ = {
			isa = PBXNativeTarget;
			buildConfigurationList = 4A9C811823AF3723004E0A8B /* Build configuration list for PBXNativeTarget "BeenVerifiedTest" */;
			buildPhases = (
				4A9C80E223AF3720004E0A8B /* Sources */,
				4A9C80E323AF3720004E0A8B /* Frameworks */,
				4A9C80E423AF3720004E0A8B /* Resources */,
			);
			buildRules = (
			);
			dependencies = (
			);
			name = BeenVerifiedTest;
			productName = BeenVerifiedTest;
			productReference = 4A9C80E623AF3720004E0A8B /* BeenVerifiedTest.app */;
			productType = "com.apple.product-type.application";
		};
		4A9C810323AF3723004E0A8B /* BeenVerifiedTestTests */ = {
			isa = PBXNativeTarget;
			buildConfigurationList = 4A9C811B23AF3723004E0A8B /* Build configuration list for PBXNativeTarget "BeenVerifiedTestTests" */;
			buildPhases = (
				4A9C810023AF3723004E0A8B /* Sources */,
				4A9C810123AF3723004E0A8B /* Frameworks */,
				4A9C810223AF3723004E0A8B /* Resources */,
			);
			buildRules = (
			);
			dependencies = (
				4A9C810623AF3723004E0A8B /* PBXTargetDependency */,
			);
			name = BeenVerifiedTestTests;
			productName = BeenVerifiedTestTests;
			productReference = 4A9C810423AF3723004E0A8B /* BeenVerifiedTestTests.xctest */;
			productType = "com.apple.product-type.bundle.unit-test";
		};
		4A9C810E23AF3723004E0A8B /* BeenVerifiedTestUITests */ = {
			isa = PBXNativeTarget;
			buildConfigurationList = 4A9C811E23AF3723004E0A8B /* Build configuration list for PBXNativeTarget "BeenVerifiedTestUITests" */;
			buildPhases = (
				4A9C810B23AF3723004E0A8B /* Sources */,
				4A9C810C23AF3723004E0A8B /* Frameworks */,
				4A9C810D23AF3723004E0A8B /* Resources */,
			);
			buildRules = (
			);
			dependencies = (
				4A9C811123AF3723004E0A8B /* PBXTargetDependency */,
			);
			name = BeenVerifiedTestUITests;
			productName = BeenVerifiedTestUITests;
			productReference = 4A9C810F23AF3723004E0A8B /* BeenVerifiedTestUITests.xctest */;
			productType = "com.apple.product-type.bundle.ui-testing";
		};
/* End PBXNativeTarget section */

/* Begin PBXProject section */
		4A9C80DE23AF3720004E0A8B /* Project object */ = {
			isa = PBXProject;
			attributes = {
				LastUpgradeCheck = 1130;
				ORGANIZATIONNAME = "David Saborio Alvarado";
				TargetAttributes = {
					4A9C80E523AF3720004E0A8B = {
						CreatedOnToolsVersion = 11.3;
					};
					4A9C810323AF3723004E0A8B = {
						CreatedOnToolsVersion = 11.3;
						TestTargetID = 4A9C80E523AF3720004E0A8B;
					};
					4A9C810E23AF3723004E0A8B = {
						CreatedOnToolsVersion = 11.3;
						TestTargetID = 4A9C80E523AF3720004E0A8B;
					};
				};
			};
			buildConfigurationList = 4A9C80E123AF3720004E0A8B /* Build configuration list for PBXProject "BeenVerifiedTest" */;
			compatibilityVersion = "Xcode 9.3";
			developmentRegion = en;
			hasScannedForEncodings = 0;
			knownRegions = (
				en,
				Base,
			);
			mainGroup = 4A9C80DD23AF3720004E0A8B;
			productRefGroup = 4A9C80E723AF3720004E0A8B /* Products */;
			projectDirPath = "";
			projectRoot = "";
			targets = (
				4A9C80E523AF3720004E0A8B /* BeenVerifiedTest */,
				4A9C810323AF3723004E0A8B /* BeenVerifiedTestTests */,
				4A9C810E23AF3723004E0A8B /* BeenVerifiedTestUITests */,
			);
		};
/* End PBXProject section */

/* Begin PBXResourcesBuildPhase section */
		4A9C80E423AF3720004E0A8B /* Resources */ = {
			isa = PBXResourcesBuildPhase;
			buildActionMask = 2147483647;
			files = (
				4A9C80FC23AF3722004E0A8B /* LaunchScreen.storyboard in Resources */,
				4A9C80F923AF3722004E0A8B /* Assets.xcassets in Resources */,
				4A9C80F723AF3720004E0A8B /* Main.storyboard in Resources */,
				4A9C812423AF38AB004E0A8B /* ArticlesView.xib in Resources */,
				4AEF6AE023B48D2200794493 /* GoogleMaps.bundle in Resources */,
				4A20660623B57DE800C78984 /* Default-568h@2x.png in Resources */,
			);
			runOnlyForDeploymentPostprocessing = 0;
		};
		4A9C810223AF3723004E0A8B /* Resources */ = {
			isa = PBXResourcesBuildPhase;
			buildActionMask = 2147483647;
			files = (
			);
			runOnlyForDeploymentPostprocessing = 0;
		};
		4A9C810D23AF3723004E0A8B /* Resources */ = {
			isa = PBXResourcesBuildPhase;
			buildActionMask = 2147483647;
			files = (
			);
			runOnlyForDeploymentPostprocessing = 0;
		};
/* End PBXResourcesBuildPhase section */

/* Begin PBXSourcesBuildPhase section */
		4A9C80E223AF3720004E0A8B /* Sources */ = {
			isa = PBXSourcesBuildPhase;
			buildActionMask = 2147483647;
			files = (
				4A9C812723AF393C004E0A8B /* ArticlesController.m in Sources */,
				4A1B69DA23B5E26300119D4F /* WebViewController.m in Sources */,
				4A9C80FF23AF3722004E0A8B /* main.m in Sources */,
				4A9C80EB23AF3720004E0A8B /* AppDelegate.m in Sources */,
				4A20660F23B5804000C78984 /* MapViewController.m in Sources */,
				4A9C80F123AF3720004E0A8B /* BlogViewController.m in Sources */,
				4A9C80EE23AF3720004E0A8B /* SceneDelegate.m in Sources */,
			);
			runOnlyForDeploymentPostprocessing = 0;
		};
		4A9C810023AF3723004E0A8B /* Sources */ = {
			isa = PBXSourcesBuildPhase;
			buildActionMask = 2147483647;
			files = (
				4A9C810923AF3723004E0A8B /* BeenVerifiedTestTests.m in Sources */,
			);
			runOnlyForDeploymentPostprocessing = 0;
		};
		4A9C810B23AF3723004E0A8B /* Sources */ = {
			isa = PBXSourcesBuildPhase;
			buildActionMask = 2147483647;
			files = (
				4A9C811423AF3723004E0A8B /* BeenVerifiedTestUITests.m in Sources */,
			);
			runOnlyForDeploymentPostprocessing = 0;
		};
/* End PBXSourcesBuildPhase section */

/* Begin PBXTargetDependency section */
		4A9C810623AF3723004E0A8B /* PBXTargetDependency */ = {
			isa = PBXTargetDependency;
			target = 4A9C80E523AF3720004E0A8B /* BeenVerifiedTest */;
			targetProxy = 4A9C810523AF3723004E0A8B /* PBXContainerItemProxy */;
		};
		4A9C811123AF3723004E0A8B /* PBXTargetDependency */ = {
			isa = PBXTargetDependency;
			target = 4A9C80E523AF3720004E0A8B /* BeenVerifiedTest */;
			targetProxy = 4A9C811023AF3723004E0A8B /* PBXContainerItemProxy */;
		};
/* End PBXTargetDependency section */

/* Begin PBXVariantGroup section */
		4A9C80F523AF3720004E0A8B /* Main.storyboard */ = {
			isa = PBXVariantGroup;
			children = (
				4A9C80F623AF3720004E0A8B /* Base */,
			);
			name = Main.storyboard;
			sourceTree = "<group>";
		};
		4A9C80FA23AF3722004E0A8B /* LaunchScreen.storyboard */ = {
			isa = PBXVariantGroup;
			children = (
				4A9C80FB23AF3722004E0A8B /* Base */,
			);
			name = LaunchScreen.storyboard;
			sourceTree = "<group>";
		};
/* End PBXVariantGroup section */

/* Begin XCBuildConfiguration section */
		4A9C811623AF3723004E0A8B /* Debug */ = {
			isa = XCBuildConfiguration;
			buildSettings = {
				ALWAYS_SEARCH_USER_PATHS = NO;
				CLANG_ANALYZER_NONNULL = YES;
				CLANG_ANALYZER_NUMBER_OBJECT_CONVERSION = YES_AGGRESSIVE;
				CLANG_CXX_LANGUAGE_STANDARD = "gnu++14";
				CLANG_CXX_LIBRARY = "libc++";
				CLANG_ENABLE_MODULES = YES;
				CLANG_ENABLE_OBJC_ARC = YES;
				CLANG_ENABLE_OBJC_WEAK = YES;
				CLANG_WARN_BLOCK_CAPTURE_AUTORELEASING = YES;
				CLANG_WARN_BOOL_CONVERSION = YES;
				CLANG_WARN_COMMA = YES;
				CLANG_WARN_CONSTANT_CONVERSION = YES;
				CLANG_WARN_DEPRECATED_OBJC_IMPLEMENTATIONS = YES;
				CLANG_WARN_DIRECT_OBJC_ISA_USAGE = YES_ERROR;
				CLANG_WARN_DOCUMENTATION_COMMENTS = YES;
				CLANG_WARN_EMPTY_BODY = YES;
				CLANG_WARN_ENUM_CONVERSION = YES;
				CLANG_WARN_INFINITE_RECURSION = YES;
				CLANG_WARN_INT_CONVERSION = YES;
				CLANG_WARN_NON_LITERAL_NULL_CONVERSION = YES;
				CLANG_WARN_OBJC_IMPLICIT_RETAIN_SELF = YES;
				CLANG_WARN_OBJC_LITERAL_CONVERSION = YES;
				CLANG_WARN_OBJC_ROOT_CLASS = YES_ERROR;
				CLANG_WARN_RANGE_LOOP_ANALYSIS = YES;
				CLANG_WARN_STRICT_PROTOTYPES = YES;
				CLANG_WARN_SUSPICIOUS_MOVE = YES;
				CLANG_WARN_UNGUARDED_AVAILABILITY = YES_AGGRESSIVE;
				CLANG_WARN_UNREACHABLE_CODE = YES;
				CLANG_WARN__DUPLICATE_METHOD_MATCH = YES;
				COPY_PHASE_STRIP = NO;
				DEBUG_INFORMATION_FORMAT = dwarf;
				ENABLE_STRICT_OBJC_MSGSEND = YES;
				ENABLE_TESTABILITY = YES;
				GCC_C_LANGUAGE_STANDARD = gnu11;
				GCC_DYNAMIC_NO_PIC = NO;
				GCC_NO_COMMON_BLOCKS = YES;
				GCC_OPTIMIZATION_LEVEL = 0;
				GCC_PREPROCESSOR_DEFINITIONS = (
					"DEBUG=1",
					"$(inherited)",
				);
				GCC_WARN_64_TO_32_BIT_CONVERSION = YES;
				GCC_WARN_ABOUT_RETURN_TYPE = YES_ERROR;
				GCC_WARN_UNDECLARED_SELECTOR = YES;
				GCC_WARN_UNINITIALIZED_AUTOS = YES_AGGRESSIVE;
				GCC_WARN_UNUSED_FUNCTION = YES;
				GCC_WARN_UNUSED_VARIABLE = YES;
				IPHONEOS_DEPLOYMENT_TARGET = 13.2;
				MTL_ENABLE_DEBUG_INFO = INCLUDE_SOURCE;
				MTL_FAST_MATH = YES;
				ONLY_ACTIVE_ARCH = YES;
				"OTHER_LDFLAGS[arch=*]" = "-ObjC";
				SDKROOT = iphoneos;
			};
			name = Debug;
		};
		4A9C811723AF3723004E0A8B /* Release */ = {
			isa = XCBuildConfiguration;
			buildSettings = {
				ALWAYS_SEARCH_USER_PATHS = NO;
				CLANG_ANALYZER_NONNULL = YES;
				CLANG_ANALYZER_NUMBER_OBJECT_CONVERSION = YES_AGGRESSIVE;
				CLANG_CXX_LANGUAGE_STANDARD = "gnu++14";
				CLANG_CXX_LIBRARY = "libc++";
				CLANG_ENABLE_MODULES = YES;
				CLANG_ENABLE_OBJC_ARC = YES;
				CLANG_ENABLE_OBJC_WEAK = YES;
				CLANG_WARN_BLOCK_CAPTURE_AUTORELEASING = YES;
				CLANG_WARN_BOOL_CONVERSION = YES;
				CLANG_WARN_COMMA = YES;
				CLANG_WARN_CONSTANT_CONVERSION = YES;
				CLANG_WARN_DEPRECATED_OBJC_IMPLEMENTATIONS = YES;
				CLANG_WARN_DIRECT_OBJC_ISA_USAGE = YES_ERROR;
				CLANG_WARN_DOCUMENTATION_COMMENTS = YES;
				CLANG_WARN_EMPTY_BODY = YES;
				CLANG_WARN_ENUM_CONVERSION = YES;
				CLANG_WARN_INFINITE_RECURSION = YES;
				CLANG_WARN_INT_CONVERSION = YES;
				CLANG_WARN_NON_LITERAL_NULL_CONVERSION = YES;
				CLANG_WARN_OBJC_IMPLICIT_RETAIN_SELF = YES;
				CLANG_WARN_OBJC_LITERAL_CONVERSION = YES;
				CLANG_WARN_OBJC_ROOT_CLASS = YES_ERROR;
				CLANG_WARN_RANGE_LOOP_ANALYSIS = YES;
				CLANG_WARN_STRICT_PROTOTYPES = YES;
				CLANG_WARN_SUSPICIOUS_MOVE = YES;
				CLANG_WARN_UNGUARDED_AVAILABILITY = YES_AGGRESSIVE;
				CLANG_WARN_UNREACHABLE_CODE = YES;
				CLANG_WARN__DUPLICATE_METHOD_MATCH = YES;
				COPY_PHASE_STRIP = NO;
				DEBUG_INFORMATION_FORMAT = "dwarf-with-dsym";
				ENABLE_NS_ASSERTIONS = NO;
				ENABLE_STRICT_OBJC_MSGSEND = YES;
				GCC_C_LANGUAGE_STANDARD = gnu11;
				GCC_NO_COMMON_BLOCKS = YES;
				GCC_WARN_64_TO_32_BIT_CONVERSION = YES;
				GCC_WARN_ABOUT_RETURN_TYPE = YES_ERROR;
				GCC_WARN_UNDECLARED_SELECTOR = YES;
				GCC_WARN_UNINITIALIZED_AUTOS = YES_AGGRESSIVE;
				GCC_WARN_UNUSED_FUNCTION = YES;
				GCC_WARN_UNUSED_VARIABLE = YES;
				IPHONEOS_DEPLOYMENT_TARGET = 13.2;
				MTL_ENABLE_DEBUG_INFO = NO;
				MTL_FAST_MATH = YES;
				SDKROOT = iphoneos;
				VALIDATE_PRODUCT = YES;
			};
			name = Release;
		};
		4A9C811923AF3723004E0A8B /* Debug */ = {
			isa = XCBuildConfiguration;
			buildSettings = {
				ASSETCATALOG_COMPILER_APPICON_NAME = AppIcon;
				CODE_SIGN_STYLE = Automatic;
				DEVELOPMENT_TEAM = KTH5FPJ458;
				FRAMEWORK_SEARCH_PATHS = (
					"$(inherited)",
					"$(PROJECT_DIR)/Frameworks",
				);
				INFOPLIST_FILE = BeenVerifiedTest/Info.plist;
				LD_RUNPATH_SEARCH_PATHS = (
					"$(inherited)",
					"@executable_path/Frameworks",
				);
				PRODUCT_BUNDLE_IDENTIFIER = com.DavidSaborio.BeenVerifiedTest;
				PRODUCT_NAME = "$(TARGET_NAME)";
				TARGETED_DEVICE_FAMILY = "1,2";
			};
			name = Debug;
		};
		4A9C811A23AF3723004E0A8B /* Release */ = {
			isa = XCBuildConfiguration;
			buildSettings = {
				ASSETCATALOG_COMPILER_APPICON_NAME = AppIcon;
				CODE_SIGN_STYLE = Automatic;
				DEVELOPMENT_TEAM = KTH5FPJ458;
				FRAMEWORK_SEARCH_PATHS = (
					"$(inherited)",
					"$(PROJECT_DIR)/Frameworks",
				);
				INFOPLIST_FILE = BeenVerifiedTest/Info.plist;
				LD_RUNPATH_SEARCH_PATHS = (
					"$(inherited)",
					"@executable_path/Frameworks",
				);
				PRODUCT_BUNDLE_IDENTIFIER = com.DavidSaborio.BeenVerifiedTest;
				PRODUCT_NAME = "$(TARGET_NAME)";
				TARGETED_DEVICE_FAMILY = "1,2";
			};
			name = Release;
		};
		4A9C811C23AF3723004E0A8B /* Debug */ = {
			isa = XCBuildConfiguration;
			buildSettings = {
				BUNDLE_LOADER = "$(TEST_HOST)";
				CODE_SIGN_STYLE = Automatic;
				DEVELOPMENT_TEAM = KTH5FPJ458;
				INFOPLIST_FILE = BeenVerifiedTestTests/Info.plist;
				IPHONEOS_DEPLOYMENT_TARGET = 13.2;
				LD_RUNPATH_SEARCH_PATHS = (
					"$(inherited)",
					"@executable_path/Frameworks",
					"@loader_path/Frameworks",
				);
				PRODUCT_BUNDLE_IDENTIFIER = com.DavidSaborio.BeenVerifiedTestTests;
				PRODUCT_NAME = "$(TARGET_NAME)";
				TARGETED_DEVICE_FAMILY = "1,2";
				TEST_HOST = "$(BUILT_PRODUCTS_DIR)/BeenVerifiedTest.app/BeenVerifiedTest";
			};
			name = Debug;
		};
		4A9C811D23AF3723004E0A8B /* Release */ = {
			isa = XCBuildConfiguration;
			buildSettings = {
				BUNDLE_LOADER = "$(TEST_HOST)";
				CODE_SIGN_STYLE = Automatic;
				DEVELOPMENT_TEAM = KTH5FPJ458;
				INFOPLIST_FILE = BeenVerifiedTestTests/Info.plist;
				IPHONEOS_DEPLOYMENT_TARGET = 13.2;
				LD_RUNPATH_SEARCH_PATHS = (
					"$(inherited)",
					"@executable_path/Frameworks",
					"@loader_path/Frameworks",
				);
				PRODUCT_BUNDLE_IDENTIFIER = com.DavidSaborio.BeenVerifiedTestTests;
				PRODUCT_NAME = "$(TARGET_NAME)";
				TARGETED_DEVICE_FAMILY = "1,2";
				TEST_HOST = "$(BUILT_PRODUCTS_DIR)/BeenVerifiedTest.app/BeenVerifiedTest";
			};
			name = Release;
		};
		4A9C811F23AF3723004E0A8B /* Debug */ = {
			isa = XCBuildConfiguration;
			buildSettings = {
				CODE_SIGN_STYLE = Automatic;
				DEVELOPMENT_TEAM = KTH5FPJ458;
				INFOPLIST_FILE = BeenVerifiedTestUITests/Info.plist;
				LD_RUNPATH_SEARCH_PATHS = (
					"$(inherited)",
					"@executable_path/Frameworks",
					"@loader_path/Frameworks",
				);
				PRODUCT_BUNDLE_IDENTIFIER = com.DavidSaborio.BeenVerifiedTestUITests;
				PRODUCT_NAME = "$(TARGET_NAME)";
				TARGETED_DEVICE_FAMILY = "1,2";
				TEST_TARGET_NAME = BeenVerifiedTest;
			};
			name = Debug;
		};
		4A9C812023AF3723004E0A8B /* Release */ = {
			isa = XCBuildConfiguration;
			buildSettings = {
				CODE_SIGN_STYLE = Automatic;
				DEVELOPMENT_TEAM = KTH5FPJ458;
				INFOPLIST_FILE = BeenVerifiedTestUITests/Info.plist;
				LD_RUNPATH_SEARCH_PATHS = (
					"$(inherited)",
					"@executable_path/Frameworks",
					"@loader_path/Frameworks",
				);
				PRODUCT_BUNDLE_IDENTIFIER = com.DavidSaborio.BeenVerifiedTestUITests;
				PRODUCT_NAME = "$(TARGET_NAME)";
				TARGETED_DEVICE_FAMILY = "1,2";
				TEST_TARGET_NAME = BeenVerifiedTest;
			};
			name = Release;
		};
/* End XCBuildConfiguration section */

/* Begin XCConfigurationList section */
		4A9C80E123AF3720004E0A8B /* Build configuration list for PBXProject "BeenVerifiedTest" */ = {
			isa = XCConfigurationList;
			buildConfigurations = (
				4A9C811623AF3723004E0A8B /* Debug */,
				4A9C811723AF3723004E0A8B /* Release */,
			);
			defaultConfigurationIsVisible = 0;
			defaultConfigurationName = Release;
		};
		4A9C811823AF3723004E0A8B /* Build configuration list for PBXNativeTarget "BeenVerifiedTest" */ = {
			isa = XCConfigurationList;
			buildConfigurations = (
				4A9C811923AF3723004E0A8B /* Debug */,
				4A9C811A23AF3723004E0A8B /* Release */,
			);
			defaultConfigurationIsVisible = 0;
			defaultConfigurationName = Release;
		};
		4A9C811B23AF3723004E0A8B /* Build configuration list for PBXNativeTarget "BeenVerifiedTestTests" */ = {
			isa = XCConfigurationList;
			buildConfigurations = (
				4A9C811C23AF3723004E0A8B /* Debug */,
				4A9C811D23AF3723004E0A8B /* Release */,
			);
			defaultConfigurationIsVisible = 0;
			defaultConfigurationName = Release;
		};
		4A9C811E23AF3723004E0A8B /* Build configuration list for PBXNativeTarget "BeenVerifiedTestUITests" */ = {
			isa = XCConfigurationList;
			buildConfigurations = (
				4A9C811F23AF3723004E0A8B /* Debug */,
				4A9C812023AF3723004E0A8B /* Release */,
			);
			defaultConfigurationIsVisible = 0;
			defaultConfigurationName = Release;
		};
/* End XCConfigurationList section */
	};
	rootObject = 4A9C80DE23AF3720004E0A8B /* Project object */;
}
